
Microsoft Visual Studio Solution File, Format Version 12.00
# Visual Studio Version 16
VisualStudioVersion = 16.0.29318.209
MinimumVisualStudioVersion = 10.0.40219.1
Project("{FAE04EC0-301F-11D3-BF4B-00C04F79EFBC}") = "Identity3_0", "Identity3_0\Identity3_0.csproj", "{4CF44684-F438-431C-B1D3-C27B7B3C0A7E}"
EndProject
Global
	GlobalSection(SolutionConfigurationPlatforms) = preSolution
		Debug|Any CPU = Debug|Any CPU
		Release|Any CPU = Release|Any CPU
	EndGlobalSection
	GlobalSection(ProjectConfigurationPlatforms) = postSolution
		{4CF44684-F438-431C-B1D3-C27B7B3C0A7E}.Debug|Any CPU.ActiveCfg = Debug|Any CPU
		{4CF44684-F438-431C-B1D3-C27B7B3C0A7E}.Debug|Any CPU.Build.0 = Debug|Any CPU
		{4CF44684-F438-431C-B1D3-C27B7B3C0A7E}.Release|Any CPU.ActiveCfg = Release|Any CPU
		{4CF44684-F438-431C-B1D3-C27B7B3C0A7E}.Release|Any CPU.Build.0 = Release|Any CPU
	EndGlobalSection
	GlobalSection(SolutionProperties) = preSolution
		HideSolutionNode = FALSE
	EndGlobalSection
	GlobalSection(ExtensibilityGlobals) = postSolution
		SolutionGuid = {3C597BB3-4EE9-49F1-B0C4-AE10E2BC6FBA}
	EndGlobalSection
EndGlobal
